{
  "name": "rsapp",
  "lockfileVersion": 2,
  "requires": true,
  "packages": {
    "": {
      "dependencies": {
        "js-base64": "^3.7.2",
        "js-md5": "^0.7.3",
        "uview-ui": "^2.0.29"
      }
    },
    "node_modules/js-base64": {
      "version": "3.7.2",
      "resolved": "https://registry.npmjs.org/js-base64/-/js-base64-3.7.2.tgz",
      "integrity": "sha512-NnRs6dsyqUXejqk/yv2aiXlAvOs56sLkX6nUdeaNezI5LFFLlsZjOThmwnrcwh5ZZRwZlCMnVAY3CvhIhoVEKQ=="
    },
    "node_modules/js-md5": {
      "version": "0.7.3",
      "resolved": "https://registry.npmjs.org/js-md5/-/js-md5-0.7.3.tgz",
      "integrity": "sha512-ZC41vPSTLKGwIRjqDh8DfXoCrdQIyBgspJVPXHBGu4nZlAEvG3nf+jO9avM9RmLiGakg7vz974ms99nEV0tmTQ=="
    },
    "node_modules/uview-ui": {
      "version": "2.0.29",
      "resolved": "https://registry.npmjs.org/uview-ui/-/uview-ui-2.0.29.tgz",
      "integrity": "sha512-d5SttbPcowomrgpL7A1LMKRbemXtyyzpPCy98/+VQR3jfSyyHC9tfj/ZeAOKpqTn1rf9gOj2wc5tda/kVmYX2Q==",
      "engines": {
        "HBuilderX": "^3.1.0"
      }
    }
  },
  "dependencies": {
    "js-base64": {
      "version": "3.7.2",
      "resolved": "https://registry.npmjs.org/js-base64/-/js-base64-3.7.2.tgz",
      "integrity": "sha512-NnRs6dsyqUXejqk/yv2aiXlAvOs56sLkX6nUdeaNezI5LFFLlsZjOThmwnrcwh5ZZRwZlCMnVAY3CvhIhoVEKQ=="
    },
    "js-md5": {
      "version": "0.7.3",
      "resolved": "https://registry.npmjs.org/js-md5/-/js-md5-0.7.3.tgz",
      "integrity": "sha512-ZC41vPSTLKGwIRjqDh8DfXoCrdQIyBgspJVPXHBGu4nZlAEvG3nf+jO9avM9RmLiGakg7vz974ms99nEV0tmTQ=="
    },
    "uview-ui": {
      "version": "2.0.29",
      "resolved": "https://registry.npmjs.org/uview-ui/-/uview-ui-2.0.29.tgz",
      "integrity": "sha512-d5SttbPcowomrgpL7A1LMKRbemXtyyzpPCy98/+VQR3jfSyyHC9tfj/ZeAOKpqTn1rf9gOj2wc5tda/kVmYX2Q=="
    }
  }
}
